
Microsoft Visual Studio Solution File, Format Version 12.00
# Visual Studio 2013
VisualStudioVersion = 12.0.40629.0
MinimumVisualStudioVersion = 10.0.40219.1
Project("{FAE04EC0-301F-11D3-BF4B-00C04F79EFBC}") = "HSE_transport_manager", "HSE_transport_manager\HSE_transport_manager.csproj", "{B82200C0-EC3B-4A56-BC38-2A0295E78951}"
EndProject
Global
	GlobalSection(SolutionConfigurationPlatforms) = preSolution
		Debug|Any CPU = Debug|Any CPU
		Release|Any CPU = Release|Any CPU
	EndGlobalSection
	GlobalSection(ProjectConfigurationPlatforms) = postSolution
		{B82200C0-EC3B-4A56-BC38-2A0295E78951}.Debug|Any CPU.ActiveCfg = Debug|Any CPU
		{B82200C0-EC3B-4A56-BC38-2A0295E78951}.Debug|Any CPU.Build.0 = Debug|Any CPU
		{B82200C0-EC3B-4A56-BC38-2A0295E78951}.Release|Any CPU.ActiveCfg = Release|Any CPU
		{B82200C0-EC3B-4A56-BC38-2A0295E78951}.Release|Any CPU.Build.0 = Release|Any CPU
	EndGlobalSection
	GlobalSection(SolutionProperties) = preSolution
		HideSolutionNode = FALSE
	EndGlobalSection
EndGlobal
